
Microsoft Visual Studio Solution File, Format Version 12.00
# Visual Studio 15
VisualStudioVersion = 15.0.28307.902
MinimumVisualStudioVersion = 10.0.40219.1
Project("{FAE04EC0-301F-11D3-BF4B-00C04F79EFBC}") = "WebApplication3", "WebApplication3\WebApplication3.csproj", "{A40D20D4-A8C5-436B-8B9D-B6BF76307D47}"
EndProject
Global
	GlobalSection(SolutionConfigurationPlatforms) = preSolution
		Debug|Any CPU = Debug|Any CPU
		Release|Any CPU = Release|Any CPU
	EndGlobalSection
	GlobalSection(ProjectConfigurationPlatforms) = postSolution
		{A40D20D4-A8C5-436B-8B9D-B6BF76307D47}.Debug|Any CPU.ActiveCfg = Debug|Any CPU
		{A40D20D4-A8C5-436B-8B9D-B6BF76307D47}.Debug|Any CPU.Build.0 = Debug|Any CPU
		{A40D20D4-A8C5-436B-8B9D-B6BF76307D47}.Release|Any CPU.ActiveCfg = Release|Any CPU
		{A40D20D4-A8C5-436B-8B9D-B6BF76307D47}.Release|Any CPU.Build.0 = Release|Any CPU
	EndGlobalSection
	GlobalSection(SolutionProperties) = preSolution
		HideSolutionNode = FALSE
	EndGlobalSection
	GlobalSection(ExtensibilityGlobals) = postSolution
		SolutionGuid = {F73DA4B5-0E0F-4E07-B71F-AEBB8C580E80}
	EndGlobalSection
EndGlobal
